{
  "version": 4,
  "terraform_version": "1.8.5",
  "serial": 26,
  "lineage": "53967118-7036-6a9d-2500-ab58b2bb7a72",
  "outputs": {},
  "resources": [
    {
      "mode": "data",
      "type": "spotify_search_track",
      "name": "arijit_singh",
      "provider": "provider[\"registry.terraform.io/conradludgate/spotify\"]",
      "instances": [
        {
          "schema_version": 0,
          "attributes": {
            "album": null,
            "artist": "arijit singh",
            "explicit": true,
            "id": "1722308963",
            "limit": 10,
            "name": null,
            "tracks": [
              {
                "album": "3I3kZyHUtEA9Y59rJkxtk6",
                "artists": [
                  "3PpjqSKBer3obW6lDflOBx",
                  "4YRxDV8wJFPHPTeXepOstw",
                  "7vCsTTACb2iT4fvBMnwp5w"
                ],
                "id": "5zCnGtCl5Ac5zlFHXaZmhy",
                "name": "Sajni (From \"Laapataa Ladies\")"
              },
              {
                "album": "5mZX4EMwEyohNmVfLTDtXn",
                "artists": [
                  "4YRxDV8wJFPHPTeXepOstw",
                  "5o36rLQd78Zh8CaT8rn59d",
                  "6k6TIai4KyKG1DeIMftSmJ"
                ],
                "id": "3yHyiUDJdz02FZ6jfUbsmY",
                "name": "Satranga (From \"ANIMAL\")"
              },
              {
                "album": "3I8PdIhk6pNm8Kv0HiF14V",
                "artists": [
                  "4YRxDV8wJFPHPTeXepOstw",
                  "09UmIX92EUH9hAK4bxvHx6"
                ],
                "id": "2Fv2injs4qAm8mJBGaxVKU",
                "name": "Tujhe Kitna Chahne Lage (From \"Kabir Singh\")"
              },
              {
                "album": "1wt2WZBZZ9GhM0AC61l7SS",
                "artists": [
                  "74OaRjmyh0XyRZsQQQ5l7c",
                  "4YRxDV8wJFPHPTeXepOstw",
                  "3NHwwyb1coYa5cLyI72xSk"
                ],
                "id": "5PUXKVVVQ74C3gl5vKy9Li",
                "name": "Heeriye (feat. Arijit Singh)"
              },
              {
                "album": "0cJXodCZCl2EWRNcw6m1eJ",
                "artists": [
                  "1mBydYMVBECdDmMfE2sEUO",
                  "4YRxDV8wJFPHPTeXepOstw"
                ],
                "id": "5npFBWhVs3VVlc0nY5xQMA",
                "name": "Tainu Khabar Nahi - From \"Munjya\""
              },
              {
                "album": "0LcyzKKw3RjFKL6ygISTeU",
                "artists": [
                  "0y59o4v8uw5crbN9M3JiL1",
                  "4YRxDV8wJFPHPTeXepOstw"
                ],
                "id": "1tf2iody5iRLYYPDSBpzRc",
                "name": "Soulmate"
              },
              {
                "album": "1lZk7TnMgvS3mSlfeWW1b3",
                "artists": [
                  "1wRPtKGflJrBx9BmLsSwlU",
                  "4YRxDV8wJFPHPTeXepOstw",
                  "19LIHDDSHBD5NyYHI3gpzB"
                ],
                "id": "4blqlsA1uf2d2I40E90EUC",
                "name": "Tere Hawaale (From \"Laal Singh Chaddha\")"
              },
              {
                "album": "0Rkv5iqjF2uenfL0OVB8hg",
                "artists": [
                  "09UmIX92EUH9hAK4bxvHx6",
                  "4YRxDV8wJFPHPTeXepOstw"
                ],
                "id": "56zZ48jdyY2oDXHVnwg5Di",
                "name": "Tum Hi Ho"
              },
              {
                "album": "5FtQVEQsWzRcpqh820ZoII",
                "artists": [
                  "1wRPtKGflJrBx9BmLsSwlU",
                  "4YRxDV8wJFPHPTeXepOstw",
                  "0oOet2f43PA68X5RxKobEy",
                  "2fMqTqiTxUDlmcOEPaQSsx"
                ],
                "id": "06LCamFUOtImIKi9mFRKiD",
                "name": "Tum Kya Mile (From \"Rocky Aur Rani Kii Prem Kahaani\")"
              },
              {
                "album": "1IwC3SdQXPgXSs8FLvOUju",
                "artists": [
                  "76fuWYgIf3TVIopTs3vaJ6",
                  "4YRxDV8wJFPHPTeXepOstw",
                  "0T1CMVkqffHlqEk4BcAph1"
                ],
                "id": "6mTvwBzWTGDOVeCNQEqtOE",
                "name": "Soch Na Sake"
              }
            ],
            "year": null
          },
          "sensitive_attributes": []
        }
      ]
    },
    {
      "mode": "managed",
      "type": "spotify_playlist",
      "name": "Bollywood",
      "provider": "provider[\"registry.terraform.io/conradludgate/spotify\"]",
      "instances": [
        {
          "schema_version": 0,
          "attributes": {
            "description": "",
            "id": "3Z3aC6NKaOzWKRt8c5ACbN",
            "name": "Bollywood",
            "public": true,
            "snapshot_id": "AAAAA5Sisl6/I/01EzqSN66g1DZ1aTmF",
            "tracks": [
              "37i9dQZF1DX0XUfTFmNBRM",
              "131yybV7A3TmC34a0qE8u8"
            ]
          },
          "sensitive_attributes": [],
          "private": "bnVsbA=="
        }
      ]
    },
    {
      "mode": "managed",
      "type": "spotify_playlist",
      "name": "My_Song",
      "provider": "provider[\"registry.terraform.io/conradludgate/spotify\"]",
      "instances": [
        {
          "schema_version": 0,
          "attributes": {
            "description": "",
            "id": "19CxBB1J3jHB87KoXqZPJ8",
            "name": "My_Song",
            "public": true,
            "snapshot_id": "AAAAAiIWT+kuNr6qAu2jpfa3kWZAVCOZ",
            "tracks": [
              "37i9dQZF1DX0XUfTFmNBRM"
            ]
          },
          "sensitive_attributes": [],
          "private": "bnVsbA=="
        }
      ]
    },
    {
      "mode": "managed",
      "type": "spotify_playlist",
      "name": "Shraddhas_Song",
      "provider": "provider[\"registry.terraform.io/conradludgate/spotify\"]",
      "instances": [
        {
          "schema_version": 0,
          "attributes": {
            "description": "",
            "id": "337B7w7GQaQrvQ7F9QgOCg",
            "name": "Shraddhas_Song",
            "public": true,
            "snapshot_id": "AAAAAid2NiWbeBmYaSdIBlRsyHEUkjDL",
            "tracks": [
              "37i9dQZF1DWX76Z8XDsZzF"
            ]
          },
          "sensitive_attributes": [],
          "private": "bnVsbA=="
        }
      ]
    },
    {
      "mode": "managed",
      "type": "spotify_playlist",
      "name": "arijit_singh",
      "provider": "provider[\"registry.terraform.io/conradludgate/spotify\"]",
      "instances": [
        {
          "schema_version": 0,
          "attributes": {
            "description": "",
            "id": "5tmY4cMnsK3NuCLJFnPkTo",
            "name": "arijit singh",
            "public": true,
            "snapshot_id": "AAAAAwRkMe3rNU/aGS7ipz0w2m1U2z1S",
            "tracks": [
              "5zCnGtCl5Ac5zlFHXaZmhy",
              "3yHyiUDJdz02FZ6jfUbsmY",
              "2Fv2injs4qAm8mJBGaxVKU"
            ]
          },
          "sensitive_attributes": [],
          "private": "bnVsbA==",
          "dependencies": [
            "data.spotify_search_track.arijit_singh"
          ]
        }
      ]
    }
  ],
  "check_results": null
}
